
Microsoft Visual Studio Solution File, Format Version 12.00
# Visual Studio Version 17
VisualStudioVersion = 17.4.33122.133
MinimumVisualStudioVersion = 10.0.40219.1
Project("{9A19103F-16F7-4668-BE54-9A1E7A4F7556}") = "BaseEnricher", "BaseEnricher\BaseEnricher.csproj", "{8F1967AA-8930-4EE9-A5D3-905EB7605117}"
EndProject
Project("{E53339B2-1760-4266-BCC7-CA923CBCF16C}") = "docker-compose", "docker-compose.dcproj", "{268418C4-BA0E-4EE0-A796-D7E8A2457DD1}"
EndProject
Project("{9A19103F-16F7-4668-BE54-9A1E7A4F7556}") = "BaseEnricher.UnitTests", "BaseEnricher.UnitTests\BaseEnricher.UnitTests.csproj", "{843C2283-13B3-470F-8D2D-B1D8B069F8F9}"
EndProject
Project("{9A19103F-16F7-4668-BE54-9A1E7A4F7556}") = "FSWriter", "FSWriter\FSWriter.csproj", "{F040055B-450F-4125-8941-8A52E93A3F87}"
EndProject
Project("{9A19103F-16F7-4668-BE54-9A1E7A4F7556}") = "FSWriter.UnitTests", "FSWriter.UnitTests\FSWriter.UnitTests.csproj", "{92611FFA-1B7D-4623-9E50-FB8BD1E4F89E}"
EndProject
Project("{9A19103F-16F7-4668-BE54-9A1E7A4F7556}") = "Agent", "Agent\Agent.csproj", "{C542599A-9B22-4A26-9B9F-A369C7864D4F}"
EndProject
Project("{FAE04EC0-301F-11D3-BF4B-00C04F79EFBC}") = "Agent.UnitTests", "Agent.UnitTests\Agent.UnitTests.csproj", "{2D7450CE-B068-4826-BF18-3BDEDC101341}"
EndProject
Global
	GlobalSection(SolutionConfigurationPlatforms) = preSolution
		Debug|Any CPU = Debug|Any CPU
		Release|Any CPU = Release|Any CPU
	EndGlobalSection
	GlobalSection(ProjectConfigurationPlatforms) = postSolution
		{8F1967AA-8930-4EE9-A5D3-905EB7605117}.Debug|Any CPU.ActiveCfg = Debug|Any CPU
		{8F1967AA-8930-4EE9-A5D3-905EB7605117}.Debug|Any CPU.Build.0 = Debug|Any CPU
		{8F1967AA-8930-4EE9-A5D3-905EB7605117}.Release|Any CPU.ActiveCfg = Release|Any CPU
		{8F1967AA-8930-4EE9-A5D3-905EB7605117}.Release|Any CPU.Build.0 = Release|Any CPU
		{268418C4-BA0E-4EE0-A796-D7E8A2457DD1}.Debug|Any CPU.ActiveCfg = Debug|Any CPU
		{268418C4-BA0E-4EE0-A796-D7E8A2457DD1}.Debug|Any CPU.Build.0 = Debug|Any CPU
		{268418C4-BA0E-4EE0-A796-D7E8A2457DD1}.Release|Any CPU.ActiveCfg = Release|Any CPU
		{268418C4-BA0E-4EE0-A796-D7E8A2457DD1}.Release|Any CPU.Build.0 = Release|Any CPU
		{843C2283-13B3-470F-8D2D-B1D8B069F8F9}.Debug|Any CPU.ActiveCfg = Debug|Any CPU
		{843C2283-13B3-470F-8D2D-B1D8B069F8F9}.Debug|Any CPU.Build.0 = Debug|Any CPU
		{843C2283-13B3-470F-8D2D-B1D8B069F8F9}.Release|Any CPU.ActiveCfg = Release|Any CPU
		{843C2283-13B3-470F-8D2D-B1D8B069F8F9}.Release|Any CPU.Build.0 = Release|Any CPU
		{F040055B-450F-4125-8941-8A52E93A3F87}.Debug|Any CPU.ActiveCfg = Debug|Any CPU
		{F040055B-450F-4125-8941-8A52E93A3F87}.Debug|Any CPU.Build.0 = Debug|Any CPU
		{F040055B-450F-4125-8941-8A52E93A3F87}.Release|Any CPU.ActiveCfg = Release|Any CPU
		{F040055B-450F-4125-8941-8A52E93A3F87}.Release|Any CPU.Build.0 = Release|Any CPU
		{92611FFA-1B7D-4623-9E50-FB8BD1E4F89E}.Debug|Any CPU.ActiveCfg = Debug|Any CPU
		{92611FFA-1B7D-4623-9E50-FB8BD1E4F89E}.Debug|Any CPU.Build.0 = Debug|Any CPU
		{92611FFA-1B7D-4623-9E50-FB8BD1E4F89E}.Release|Any CPU.ActiveCfg = Release|Any CPU
		{92611FFA-1B7D-4623-9E50-FB8BD1E4F89E}.Release|Any CPU.Build.0 = Release|Any CPU
		{C542599A-9B22-4A26-9B9F-A369C7864D4F}.Debug|Any CPU.ActiveCfg = Debug|Any CPU
		{C542599A-9B22-4A26-9B9F-A369C7864D4F}.Debug|Any CPU.Build.0 = Debug|Any CPU
		{C542599A-9B22-4A26-9B9F-A369C7864D4F}.Release|Any CPU.ActiveCfg = Release|Any CPU
		{C542599A-9B22-4A26-9B9F-A369C7864D4F}.Release|Any CPU.Build.0 = Release|Any CPU
		{2D7450CE-B068-4826-BF18-3BDEDC101341}.Debug|Any CPU.ActiveCfg = Debug|Any CPU
		{2D7450CE-B068-4826-BF18-3BDEDC101341}.Debug|Any CPU.Build.0 = Debug|Any CPU
		{2D7450CE-B068-4826-BF18-3BDEDC101341}.Release|Any CPU.ActiveCfg = Release|Any CPU
		{2D7450CE-B068-4826-BF18-3BDEDC101341}.Release|Any CPU.Build.0 = Release|Any CPU
	EndGlobalSection
	GlobalSection(SolutionProperties) = preSolution
		HideSolutionNode = FALSE
	EndGlobalSection
	GlobalSection(ExtensibilityGlobals) = postSolution
		SolutionGuid = {12114F7C-C927-44D6-8EB2-0BBC8DB5B0F9}
	EndGlobalSection
EndGlobal
